
Microsoft Visual Studio Solution File, Format Version 12.00
# Visual Studio Version 16
VisualStudioVersion = 16.0.31515.178
MinimumVisualStudioVersion = 10.0.40219.1
Project("{FAE04EC0-301F-11D3-BF4B-00C04F79EFBC}") = "Sacolao", "Sacolao\Sacolao.csproj", "{DD6D95AB-5256-4C41-A3EE-9ABAE29CB5FC}"
EndProject
Project("{FAE04EC0-301F-11D3-BF4B-00C04F79EFBC}") = "Sacolao.Api", "Sacolao.Api\Sacolao.Api.csproj", "{5684AD13-50BB-486F-A081-D0AE8159405B}"
EndProject
Global
	GlobalSection(SolutionConfigurationPlatforms) = preSolution
		Debug|Any CPU = Debug|Any CPU
		Release|Any CPU = Release|Any CPU
	EndGlobalSection
	GlobalSection(ProjectConfigurationPlatforms) = postSolution
		{DD6D95AB-5256-4C41-A3EE-9ABAE29CB5FC}.Debug|Any CPU.ActiveCfg = Debug|Any CPU
		{DD6D95AB-5256-4C41-A3EE-9ABAE29CB5FC}.Debug|Any CPU.Build.0 = Debug|Any CPU
		{DD6D95AB-5256-4C41-A3EE-9ABAE29CB5FC}.Release|Any CPU.ActiveCfg = Release|Any CPU
		{DD6D95AB-5256-4C41-A3EE-9ABAE29CB5FC}.Release|Any CPU.Build.0 = Release|Any CPU
		{5684AD13-50BB-486F-A081-D0AE8159405B}.Debug|Any CPU.ActiveCfg = Debug|Any CPU
		{5684AD13-50BB-486F-A081-D0AE8159405B}.Debug|Any CPU.Build.0 = Debug|Any CPU
		{5684AD13-50BB-486F-A081-D0AE8159405B}.Release|Any CPU.ActiveCfg = Release|Any CPU
		{5684AD13-50BB-486F-A081-D0AE8159405B}.Release|Any CPU.Build.0 = Release|Any CPU
	EndGlobalSection
	GlobalSection(SolutionProperties) = preSolution
		HideSolutionNode = FALSE
	EndGlobalSection
	GlobalSection(ExtensibilityGlobals) = postSolution
		SolutionGuid = {81AE0056-3FF2-4E24-95A3-93A6DC63FE5C}
	EndGlobalSection
EndGlobal
